
Microsoft Visual Studio Solution File, Format Version 12.00
# Visual Studio 15
VisualStudioVersion = 15.0.26228.9
MinimumVisualStudioVersion = 10.0.40219.1
Project("{FAE04EC0-301F-11D3-BF4B-00C04F79EFBC}") = "DemoApplication", "DemoApplication\DemoApplication.csproj", "{84906E55-BD14-438F-AC48-E00C89EBCEC6}"
EndProject
Project("{FAE04EC0-301F-11D3-BF4B-00C04F79EFBC}") = "DemoApplication.Tests", "DemoApplication.Tests\DemoApplication.Tests.csproj", "{F97B83C4-A5F4-4889-8E3B-2A30F421B86B}"
EndProject
Project("{2150E333-8FDC-42A3-9474-1A3956D46DE8}") = "1. Domain", "1. Domain", "{2E77B190-58F4-4E35-854D-390BBCC9EEF4}"
EndProject
Project("{FAE04EC0-301F-11D3-BF4B-00C04F79EFBC}") = "Domain", "Domain\Domain.csproj", "{C70DFA15-E840-4BD1-AD02-666BB2B8B7FF}"
EndProject
Project("{2150E333-8FDC-42A3-9474-1A3956D46DE8}") = "2. Services", "2. Services", "{638D13FA-2472-446E-97E3-49FC535BEC72}"
EndProject
Project("{FAE04EC0-301F-11D3-BF4B-00C04F79EFBC}") = "Services", "Services\Services.csproj", "{6FC1A322-E839-47DC-AC8F-ABF0AE23295F}"
EndProject
Project("{2150E333-8FDC-42A3-9474-1A3956D46DE8}") = "3. Implementations", "3. Implementations", "{00F40670-4F4A-4BC6-9BD8-395D15762F94}"
EndProject
Project("{FAE04EC0-301F-11D3-BF4B-00C04F79EFBC}") = "Implementations", "Implementations\Implementations.csproj", "{95AB86B7-B067-461B-98E6-3F4DE585B66F}"
EndProject
Project("{2150E333-8FDC-42A3-9474-1A3956D46DE8}") = "4. Infrastructure", "4. Infrastructure", "{D8C81764-46E2-4E1B-BD2D-D0FC2E06ED9B}"
EndProject
Project("{2150E333-8FDC-42A3-9474-1A3956D46DE8}") = "Infrastructure", "Infrastructure", "{FEB2F4B0-424A-4C46-8610-EEFD4E1BD859}"
EndProject
Project("{FAE04EC0-301F-11D3-BF4B-00C04F79EFBC}") = "Infrastructure", "Infrastructure\Infrastructure.csproj", "{6921B9B3-78F3-4833-95AF-802DB6C1BB93}"
EndProject
Project("{2150E333-8FDC-42A3-9474-1A3956D46DE8}") = "Presentation", "Presentation", "{B6FEC014-34E1-4C58-9FE2-36A171A9B07B}"
EndProject
Project("{2150E333-8FDC-42A3-9474-1A3956D46DE8}") = "Tests", "Tests", "{689C5285-93E4-4D4C-852E-3846B05EFAFF}"
EndProject
Global
	GlobalSection(SolutionConfigurationPlatforms) = preSolution
		Debug|Any CPU = Debug|Any CPU
		Release|Any CPU = Release|Any CPU
	EndGlobalSection
	GlobalSection(ProjectConfigurationPlatforms) = postSolution
		{84906E55-BD14-438F-AC48-E00C89EBCEC6}.Debug|Any CPU.ActiveCfg = Debug|Any CPU
		{84906E55-BD14-438F-AC48-E00C89EBCEC6}.Debug|Any CPU.Build.0 = Debug|Any CPU
		{84906E55-BD14-438F-AC48-E00C89EBCEC6}.Release|Any CPU.ActiveCfg = Release|Any CPU
		{84906E55-BD14-438F-AC48-E00C89EBCEC6}.Release|Any CPU.Build.0 = Release|Any CPU
		{F97B83C4-A5F4-4889-8E3B-2A30F421B86B}.Debug|Any CPU.ActiveCfg = Debug|Any CPU
		{F97B83C4-A5F4-4889-8E3B-2A30F421B86B}.Debug|Any CPU.Build.0 = Debug|Any CPU
		{F97B83C4-A5F4-4889-8E3B-2A30F421B86B}.Release|Any CPU.ActiveCfg = Release|Any CPU
		{F97B83C4-A5F4-4889-8E3B-2A30F421B86B}.Release|Any CPU.Build.0 = Release|Any CPU
		{C70DFA15-E840-4BD1-AD02-666BB2B8B7FF}.Debug|Any CPU.ActiveCfg = Debug|Any CPU
		{C70DFA15-E840-4BD1-AD02-666BB2B8B7FF}.Debug|Any CPU.Build.0 = Debug|Any CPU
		{C70DFA15-E840-4BD1-AD02-666BB2B8B7FF}.Release|Any CPU.ActiveCfg = Release|Any CPU
		{C70DFA15-E840-4BD1-AD02-666BB2B8B7FF}.Release|Any CPU.Build.0 = Release|Any CPU
		{6FC1A322-E839-47DC-AC8F-ABF0AE23295F}.Debug|Any CPU.ActiveCfg = Debug|Any CPU
		{6FC1A322-E839-47DC-AC8F-ABF0AE23295F}.Debug|Any CPU.Build.0 = Debug|Any CPU
		{6FC1A322-E839-47DC-AC8F-ABF0AE23295F}.Release|Any CPU.ActiveCfg = Release|Any CPU
		{6FC1A322-E839-47DC-AC8F-ABF0AE23295F}.Release|Any CPU.Build.0 = Release|Any CPU
		{95AB86B7-B067-461B-98E6-3F4DE585B66F}.Debug|Any CPU.ActiveCfg = Debug|Any CPU
		{95AB86B7-B067-461B-98E6-3F4DE585B66F}.Debug|Any CPU.Build.0 = Debug|Any CPU
		{95AB86B7-B067-461B-98E6-3F4DE585B66F}.Release|Any CPU.ActiveCfg = Release|Any CPU
		{95AB86B7-B067-461B-98E6-3F4DE585B66F}.Release|Any CPU.Build.0 = Release|Any CPU
		{6921B9B3-78F3-4833-95AF-802DB6C1BB93}.Debug|Any CPU.ActiveCfg = Debug|Any CPU
		{6921B9B3-78F3-4833-95AF-802DB6C1BB93}.Debug|Any CPU.Build.0 = Debug|Any CPU
		{6921B9B3-78F3-4833-95AF-802DB6C1BB93}.Release|Any CPU.ActiveCfg = Release|Any CPU
		{6921B9B3-78F3-4833-95AF-802DB6C1BB93}.Release|Any CPU.Build.0 = Release|Any CPU
	EndGlobalSection
	GlobalSection(SolutionProperties) = preSolution
		HideSolutionNode = FALSE
	EndGlobalSection
	GlobalSection(NestedProjects) = preSolution
		{84906E55-BD14-438F-AC48-E00C89EBCEC6} = {B6FEC014-34E1-4C58-9FE2-36A171A9B07B}
		{F97B83C4-A5F4-4889-8E3B-2A30F421B86B} = {689C5285-93E4-4D4C-852E-3846B05EFAFF}
		{C70DFA15-E840-4BD1-AD02-666BB2B8B7FF} = {2E77B190-58F4-4E35-854D-390BBCC9EEF4}
		{6FC1A322-E839-47DC-AC8F-ABF0AE23295F} = {638D13FA-2472-446E-97E3-49FC535BEC72}
		{95AB86B7-B067-461B-98E6-3F4DE585B66F} = {00F40670-4F4A-4BC6-9BD8-395D15762F94}
		{FEB2F4B0-424A-4C46-8610-EEFD4E1BD859} = {D8C81764-46E2-4E1B-BD2D-D0FC2E06ED9B}
		{6921B9B3-78F3-4833-95AF-802DB6C1BB93} = {FEB2F4B0-424A-4C46-8610-EEFD4E1BD859}
		{B6FEC014-34E1-4C58-9FE2-36A171A9B07B} = {D8C81764-46E2-4E1B-BD2D-D0FC2E06ED9B}
		{689C5285-93E4-4D4C-852E-3846B05EFAFF} = {D8C81764-46E2-4E1B-BD2D-D0FC2E06ED9B}
	EndGlobalSection
EndGlobal
